// !$*UTF8*$!
{
	archiveVersion = 1;
	classes = {
	};
	objectVersion = 55;
	objects = {

/* Begin PBXBuildFile section */
		A715F2F7283CDAE100941D11 /* MapKit.framework in Frameworks */ = {isa = PBXBuildFile; fileRef = A715F2F6283CDAE100941D11 /* MapKit.framework */; };
		A74B0FEC2896C3DE00429CE5 /* SectionHeaderView.swift in Sources */ = {isa = PBXBuildFile; fileRef = A74B0FEB2896C3DE00429CE5 /* SectionHeaderView.swift */; };
		A74B0FEE2896E79500429CE5 /* PlaceDetailViewCell.swift in Sources */ = {isa = PBXBuildFile; fileRef = A74B0FED2896E79500429CE5 /* PlaceDetailViewCell.swift */; };
		A74B0FF0289706C200429CE5 /* MainTabbarController.swift in Sources */ = {isa = PBXBuildFile; fileRef = A74B0FEF289706C200429CE5 /* MainTabbarController.swift */; };
		A75BFAE82896A0B2004E2A3E /* UIViewController+Ext.swift in Sources */ = {isa = PBXBuildFile; fileRef = A75BFAE72896A0B2004E2A3E /* UIViewController+Ext.swift */; };
		A75BFAF02896BC98004E2A3E /* SectionView.swift in Sources */ = {isa = PBXBuildFile; fileRef = A75BFAEF2896BC98004E2A3E /* SectionView.swift */; };
		A75BFAF22896BD52004E2A3E /* UIView+Ext.swift in Sources */ = {isa = PBXBuildFile; fileRef = A75BFAF12896BD52004E2A3E /* UIView+Ext.swift */; };
		A767BFE1288959C3003CC165 /* SplashViewController.swift in Sources */ = {isa = PBXBuildFile; fileRef = A767BFE0288959C3003CC165 /* SplashViewController.swift */; };
		A767BFE328895A53003CC165 /* SplashPresenter.swift in Sources */ = {isa = PBXBuildFile; fileRef = A767BFE228895A53003CC165 /* SplashPresenter.swift */; };
		A767BFE528895A91003CC165 /* SplashAnimator.swift in Sources */ = {isa = PBXBuildFile; fileRef = A767BFE428895A91003CC165 /* SplashAnimator.swift */; };
		A79CB690287AC43F0000008F /* Place.swift in Sources */ = {isa = PBXBuildFile; fileRef = A79CB68F287AC43F0000008F /* Place.swift */; };
		A7A46E85288ACFF900CA5CEE /* AppDependencies.swift in Sources */ = {isa = PBXBuildFile; fileRef = A7A46E84288ACFF900CA5CEE /* AppDependencies.swift */; };
		A7C6809A2836AA0C00B25117 /* AppDelegate.swift in Sources */ = {isa = PBXBuildFile; fileRef = A7C680992836AA0C00B25117 /* AppDelegate.swift */; };
		A7C6809C2836AA0C00B25117 /* SceneDelegate.swift in Sources */ = {isa = PBXBuildFile; fileRef = A7C6809B2836AA0C00B25117 /* SceneDelegate.swift */; };
		A7C6809E2836AA0C00B25117 /* MainViewController.swift in Sources */ = {isa = PBXBuildFile; fileRef = A7C6809D2836AA0C00B25117 /* MainViewController.swift */; };
		A7C680A32836AA0D00B25117 /* Assets.xcassets in Resources */ = {isa = PBXBuildFile; fileRef = A7C680A22836AA0D00B25117 /* Assets.xcassets */; };
		A7D8B92E2895B44900C40D21 /* PlaceDetailsViewController.swift in Sources */ = {isa = PBXBuildFile; fileRef = A7D8B92D2895B44900C40D21 /* PlaceDetailsViewController.swift */; };
		A7D8B9332895B56000C40D21 /* UILabel+Ext.swift in Sources */ = {isa = PBXBuildFile; fileRef = A7D8B9322895B56000C40D21 /* UILabel+Ext.swift */; };
		A7D8B9372895DB9A00C40D21 /* PlaceDetailHeaderView.swift in Sources */ = {isa = PBXBuildFile; fileRef = A7D8B9362895DB9A00C40D21 /* PlaceDetailHeaderView.swift */; };
		A7D8B939289685D000C40D21 /* StretchyHeaderLayout.swift in Sources */ = {isa = PBXBuildFile; fileRef = A7D8B938289685D000C40D21 /* StretchyHeaderLayout.swift */; };
		A7FDE97D2879C4B000B5A9B9 /* HorizontalSnappingController.swift in Sources */ = {isa = PBXBuildFile; fileRef = A7FDE97C2879C4B000B5A9B9 /* HorizontalSnappingController.swift */; };
		A7FDE97F2879C60400B5A9B9 /* MainHorizontalController.swift in Sources */ = {isa = PBXBuildFile; fileRef = A7FDE97E2879C60400B5A9B9 /* MainHorizontalController.swift */; };
		A7FDE9812879C63D00B5A9B9 /* PlaceViewCell.swift in Sources */ = {isa = PBXBuildFile; fileRef = A7FDE9802879C63D00B5A9B9 /* PlaceViewCell.swift */; };
		F677E4FD08545764747CA0B7 /* Pods_droplane.framework in Frameworks */ = {isa = PBXBuildFile; fileRef = 0DD6454ED4D5D5815414C3E8 /* Pods_droplane.framework */; };
/* End PBXBuildFile section */

/* Begin PBXFileReference section */
		0DD6454ED4D5D5815414C3E8 /* Pods_droplane.framework */ = {isa = PBXFileReference; explicitFileType = wrapper.framework; includeInIndex = 0; path = Pods_droplane.framework; sourceTree = BUILT_PRODUCTS_DIR; };
		2718570B09BD143A7F18B44C /* Pods-droplane.debug.xcconfig */ = {isa = PBXFileReference; includeInIndex = 1; lastKnownFileType = text.xcconfig; name = "Pods-droplane.debug.xcconfig"; path = "Target Support Files/Pods-droplane/Pods-droplane.debug.xcconfig"; sourceTree = "<group>"; };
		A715F2F6283CDAE100941D11 /* MapKit.framework */ = {isa = PBXFileReference; lastKnownFileType = wrapper.framework; name = MapKit.framework; path = System/Library/Frameworks/MapKit.framework; sourceTree = SDKROOT; };
		A74B0FEB2896C3DE00429CE5 /* SectionHeaderView.swift */ = {isa = PBXFileReference; lastKnownFileType = sourcecode.swift; path = SectionHeaderView.swift; sourceTree = "<group>"; };
		A74B0FED2896E79500429CE5 /* PlaceDetailViewCell.swift */ = {isa = PBXFileReference; lastKnownFileType = sourcecode.swift; path = PlaceDetailViewCell.swift; sourceTree = "<group>"; };
		A74B0FEF289706C200429CE5 /* MainTabbarController.swift */ = {isa = PBXFileReference; lastKnownFileType = sourcecode.swift; path = MainTabbarController.swift; sourceTree = "<group>"; };
		A75BFAE72896A0B2004E2A3E /* UIViewController+Ext.swift */ = {isa = PBXFileReference; lastKnownFileType = sourcecode.swift; path = "UIViewController+Ext.swift"; sourceTree = "<group>"; };
		A75BFAEF2896BC98004E2A3E /* SectionView.swift */ = {isa = PBXFileReference; lastKnownFileType = sourcecode.swift; path = SectionView.swift; sourceTree = "<group>"; };
		A75BFAF12896BD52004E2A3E /* UIView+Ext.swift */ = {isa = PBXFileReference; lastKnownFileType = sourcecode.swift; path = "UIView+Ext.swift"; sourceTree = "<group>"; };
		A767BFE0288959C3003CC165 /* SplashViewController.swift */ = {isa = PBXFileReference; lastKnownFileType = sourcecode.swift; path = SplashViewController.swift; sourceTree = "<group>"; };
		A767BFE228895A53003CC165 /* SplashPresenter.swift */ = {isa = PBXFileReference; lastKnownFileType = sourcecode.swift; path = SplashPresenter.swift; sourceTree = "<group>"; };
		A767BFE428895A91003CC165 /* SplashAnimator.swift */ = {isa = PBXFileReference; lastKnownFileType = sourcecode.swift; path = SplashAnimator.swift; sourceTree = "<group>"; };
		A79CB68F287AC43F0000008F /* Place.swift */ = {isa = PBXFileReference; lastKnownFileType = sourcecode.swift; path = Place.swift; sourceTree = "<group>"; };
		A7A46E84288ACFF900CA5CEE /* AppDependencies.swift */ = {isa = PBXFileReference; lastKnownFileType = sourcecode.swift; path = AppDependencies.swift; sourceTree = "<group>"; };
		A7C680962836AA0C00B25117 /* droplane.app */ = {isa = PBXFileReference; explicitFileType = wrapper.application; includeInIndex = 0; path = droplane.app; sourceTree = BUILT_PRODUCTS_DIR; };
		A7C680992836AA0C00B25117 /* AppDelegate.swift */ = {isa = PBXFileReference; lastKnownFileType = sourcecode.swift; path = AppDelegate.swift; sourceTree = "<group>"; };
		A7C6809B2836AA0C00B25117 /* SceneDelegate.swift */ = {isa = PBXFileReference; lastKnownFileType = sourcecode.swift; path = SceneDelegate.swift; sourceTree = "<group>"; };
		A7C6809D2836AA0C00B25117 /* MainViewController.swift */ = {isa = PBXFileReference; lastKnownFileType = sourcecode.swift; path = MainViewController.swift; sourceTree = "<group>"; };
		A7C680A22836AA0D00B25117 /* Assets.xcassets */ = {isa = PBXFileReference; lastKnownFileType = folder.assetcatalog; path = Assets.xcassets; sourceTree = "<group>"; };
		A7C680A72836AA0D00B25117 /* Info.plist */ = {isa = PBXFileReference; lastKnownFileType = text.plist.xml; path = Info.plist; sourceTree = "<group>"; };
		A7D8B92D2895B44900C40D21 /* PlaceDetailsViewController.swift */ = {isa = PBXFileReference; lastKnownFileType = sourcecode.swift; path = PlaceDetailsViewController.swift; sourceTree = "<group>"; };
		A7D8B9322895B56000C40D21 /* UILabel+Ext.swift */ = {isa = PBXFileReference; lastKnownFileType = sourcecode.swift; path = "UILabel+Ext.swift"; sourceTree = "<group>"; };
		A7D8B9362895DB9A00C40D21 /* PlaceDetailHeaderView.swift */ = {isa = PBXFileReference; lastKnownFileType = sourcecode.swift; path = PlaceDetailHeaderView.swift; sourceTree = "<group>"; };
		A7D8B938289685D000C40D21 /* StretchyHeaderLayout.swift */ = {isa = PBXFileReference; lastKnownFileType = sourcecode.swift; path = StretchyHeaderLayout.swift; sourceTree = "<group>"; };
		A7FDE97C2879C4B000B5A9B9 /* HorizontalSnappingController.swift */ = {isa = PBXFileReference; lastKnownFileType = sourcecode.swift; path = HorizontalSnappingController.swift; sourceTree = "<group>"; };
		A7FDE97E2879C60400B5A9B9 /* MainHorizontalController.swift */ = {isa = PBXFileReference; lastKnownFileType = sourcecode.swift; path = MainHorizontalController.swift; sourceTree = "<group>"; };
		A7FDE9802879C63D00B5A9B9 /* PlaceViewCell.swift */ = {isa = PBXFileReference; lastKnownFileType = sourcecode.swift; path = PlaceViewCell.swift; sourceTree = "<group>"; };
		E211A29AE70B4EB6F393039F /* Pods-droplane.release.xcconfig */ = {isa = PBXFileReference; includeInIndex = 1; lastKnownFileType = text.xcconfig; name = "Pods-droplane.release.xcconfig"; path = "Target Support Files/Pods-droplane/Pods-droplane.release.xcconfig"; sourceTree = "<group>"; };
/* End PBXFileReference section */

/* Begin PBXFrameworksBuildPhase section */
		A7C680932836AA0C00B25117 /* Frameworks */ = {
			isa = PBXFrameworksBuildPhase;
			buildActionMask = 2147483647;
			files = (
				A715F2F7283CDAE100941D11 /* MapKit.framework in Frameworks */,
				F677E4FD08545764747CA0B7 /* Pods_droplane.framework in Frameworks */,
			);
			runOnlyForDeploymentPostprocessing = 0;
		};
/* End PBXFrameworksBuildPhase section */

/* Begin PBXGroup section */
		52D1045D1E197C384CF49D7D /* Pods */ = {
			isa = PBXGroup;
			children = (
				2718570B09BD143A7F18B44C /* Pods-droplane.debug.xcconfig */,
				E211A29AE70B4EB6F393039F /* Pods-droplane.release.xcconfig */,
			);
			path = Pods;
			sourceTree = "<group>";
		};
		A715F2F5283CDAE100941D11 /* Frameworks */ = {
			isa = PBXGroup;
			children = (
				A715F2F6283CDAE100941D11 /* MapKit.framework */,
				0DD6454ED4D5D5815414C3E8 /* Pods_droplane.framework */,
			);
			name = Frameworks;
			sourceTree = "<group>";
		};
		A767BFDF288959B6003CC165 /* Splash */ = {
			isa = PBXGroup;
			children = (
				A767BFE0288959C3003CC165 /* SplashViewController.swift */,
				A767BFE228895A53003CC165 /* SplashPresenter.swift */,
				A767BFE428895A91003CC165 /* SplashAnimator.swift */,
			);
			path = Splash;
			sourceTree = "<group>";
		};
		A77B9BC6288ACCBD004EB769 /* Resources */ = {
			isa = PBXGroup;
			children = (
				A7C680A22836AA0D00B25117 /* Assets.xcassets */,
			);
			path = Resources;
			sourceTree = "<group>";
		};
		A77B9BC7288ACCDD004EB769 /* Classes */ = {
			isa = PBXGroup;
			children = (
				A7C680992836AA0C00B25117 /* AppDelegate.swift */,
				A7C6809B2836AA0C00B25117 /* SceneDelegate.swift */,
				A7D8B9312895B54D00C40D21 /* Extensions */,
				A7D8B92A2895ADD500C40D21 /* Core */,
				A7D8B9282895ADBB00C40D21 /* Model */,
				A7D8B9292895ADC500C40D21 /* Views */,
				A7D8B92B2895B3E300C40D21 /* Controllers */,
				A767BFDF288959B6003CC165 /* Splash */,
			);
			path = Classes;
			sourceTree = "<group>";
		};
		A79CB68E287AC3D00000008F /* Supporting Files */ = {
			isa = PBXGroup;
			children = (
				A7C680A72836AA0D00B25117 /* Info.plist */,
			);
			path = "Supporting Files";
			sourceTree = "<group>";
		};
		A7C6808D2836AA0C00B25117 = {
			isa = PBXGroup;
			children = (
				A7C680982836AA0C00B25117 /* droplane */,
				A7C680972836AA0C00B25117 /* Products */,
				A715F2F5283CDAE100941D11 /* Frameworks */,
				52D1045D1E197C384CF49D7D /* Pods */,
			);
			sourceTree = "<group>";
		};
		A7C680972836AA0C00B25117 /* Products */ = {
			isa = PBXGroup;
			children = (
				A7C680962836AA0C00B25117 /* droplane.app */,
			);
			name = Products;
			sourceTree = "<group>";
		};
		A7C680982836AA0C00B25117 /* droplane */ = {
			isa = PBXGroup;
			children = (
				A77B9BC7288ACCDD004EB769 /* Classes */,
				A77B9BC6288ACCBD004EB769 /* Resources */,
				A79CB68E287AC3D00000008F /* Supporting Files */,
			);
			path = droplane;
			sourceTree = "<group>";
		};
		A7D8B9282895ADBB00C40D21 /* Model */ = {
			isa = PBXGroup;
			children = (
				A79CB68F287AC43F0000008F /* Place.swift */,
			);
			path = Model;
			sourceTree = "<group>";
		};
		A7D8B9292895ADC500C40D21 /* Views */ = {
			isa = PBXGroup;
			children = (
				A7FDE9802879C63D00B5A9B9 /* PlaceViewCell.swift */,
				A7D8B9362895DB9A00C40D21 /* PlaceDetailHeaderView.swift */,
				A7D8B938289685D000C40D21 /* StretchyHeaderLayout.swift */,
				A75BFAEF2896BC98004E2A3E /* SectionView.swift */,
				A74B0FEB2896C3DE00429CE5 /* SectionHeaderView.swift */,
				A74B0FED2896E79500429CE5 /* PlaceDetailViewCell.swift */,
			);
			path = Views;
			sourceTree = "<group>";
		};
		A7D8B92A2895ADD500C40D21 /* Core */ = {
			isa = PBXGroup;
			children = (
				A7A46E84288ACFF900CA5CEE /* AppDependencies.swift */,
				A7D8B92C2895B3F400C40D21 /* Controllers */,
			);
			path = Core;
			sourceTree = "<group>";
		};
		A7D8B92B2895B3E300C40D21 /* Controllers */ = {
			isa = PBXGroup;
			children = (
				A7C6809D2836AA0C00B25117 /* MainViewController.swift */,
				A7FDE97E2879C60400B5A9B9 /* MainHorizontalController.swift */,
				A7D8B92D2895B44900C40D21 /* PlaceDetailsViewController.swift */,
				A74B0FEF289706C200429CE5 /* MainTabbarController.swift */,
			);
			path = Controllers;
			sourceTree = "<group>";
		};
		A7D8B92C2895B3F400C40D21 /* Controllers */ = {
			isa = PBXGroup;
			children = (
				A7FDE97C2879C4B000B5A9B9 /* HorizontalSnappingController.swift */,
			);
			path = Controllers;
			sourceTree = "<group>";
		};
		A7D8B9312895B54D00C40D21 /* Extensions */ = {
			isa = PBXGroup;
			children = (
				A7D8B9322895B56000C40D21 /* UILabel+Ext.swift */,
				A75BFAE72896A0B2004E2A3E /* UIViewController+Ext.swift */,
				A75BFAF12896BD52004E2A3E /* UIView+Ext.swift */,
			);
			path = Extensions;
			sourceTree = "<group>";
		};
/* End PBXGroup section */

/* Begin PBXNativeTarget section */
		A7C680952836AA0C00B25117 /* droplane */ = {
			isa = PBXNativeTarget;
			buildConfigurationList = A7C680AA2836AA0D00B25117 /* Build configuration list for PBXNativeTarget "droplane" */;
			buildPhases = (
				437C92494288467B87F69EAA /* [CP] Check Pods Manifest.lock */,
				A7D8B9272895AA2400C40D21 /* Run SwiftLint */,
				A7C680922836AA0C00B25117 /* Sources */,
				A7C680932836AA0C00B25117 /* Frameworks */,
				A7C680942836AA0C00B25117 /* Resources */,
				2CA9134B21BD733CB563B567 /* [CP] Embed Pods Frameworks */,
			);
			buildRules = (
			);
			dependencies = (
			);
			name = droplane;
			productName = droplane;
			productReference = A7C680962836AA0C00B25117 /* droplane.app */;
			productType = "com.apple.product-type.application";
		};
/* End PBXNativeTarget section */

/* Begin PBXProject section */
		A7C6808E2836AA0C00B25117 /* Project object */ = {
			isa = PBXProject;
			attributes = {
				BuildIndependentTargetsInParallel = 1;
				LastSwiftUpdateCheck = 1330;
				LastUpgradeCheck = 1330;
				TargetAttributes = {
					A7C680952836AA0C00B25117 = {
						CreatedOnToolsVersion = 13.3.1;
					};
				};
			};
			buildConfigurationList = A7C680912836AA0C00B25117 /* Build configuration list for PBXProject "droplane" */;
			compatibilityVersion = "Xcode 13.0";
			developmentRegion = en;
			hasScannedForEncodings = 0;
			knownRegions = (
				en,
				Base,
			);
			mainGroup = A7C6808D2836AA0C00B25117;
			productRefGroup = A7C680972836AA0C00B25117 /* Products */;
			projectDirPath = "";
			projectRoot = "";
			targets = (
				A7C680952836AA0C00B25117 /* droplane */,
			);
		};
/* End PBXProject section */

/* Begin PBXResourcesBuildPhase section */
		A7C680942836AA0C00B25117 /* Resources */ = {
			isa = PBXResourcesBuildPhase;
			buildActionMask = 2147483647;
			files = (
				A7C680A32836AA0D00B25117 /* Assets.xcassets in Resources */,
			);
			runOnlyForDeploymentPostprocessing = 0;
		};
/* End PBXResourcesBuildPhase section */

/* Begin PBXShellScriptBuildPhase section */
		2CA9134B21BD733CB563B567 /* [CP] Embed Pods Frameworks */ = {
			isa = PBXShellScriptBuildPhase;
			buildActionMask = 2147483647;
			files = (
			);
			inputFileListPaths = (
				"${PODS_ROOT}/Target Support Files/Pods-droplane/Pods-droplane-frameworks-${CONFIGURATION}-input-files.xcfilelist",
			);
			name = "[CP] Embed Pods Frameworks";
			outputFileListPaths = (
				"${PODS_ROOT}/Target Support Files/Pods-droplane/Pods-droplane-frameworks-${CONFIGURATION}-output-files.xcfilelist",
			);
			runOnlyForDeploymentPostprocessing = 0;
			shellPath = /bin/sh;
			shellScript = "\"${PODS_ROOT}/Target Support Files/Pods-droplane/Pods-droplane-frameworks.sh\"\n";
			showEnvVarsInLog = 0;
		};
		437C92494288467B87F69EAA /* [CP] Check Pods Manifest.lock */ = {
			isa = PBXShellScriptBuildPhase;
			buildActionMask = 2147483647;
			files = (
			);
			inputFileListPaths = (
			);
			inputPaths = (
				"${PODS_PODFILE_DIR_PATH}/Podfile.lock",
				"${PODS_ROOT}/Manifest.lock",
			);
			name = "[CP] Check Pods Manifest.lock";
			outputFileListPaths = (
			);
			outputPaths = (
				"$(DERIVED_FILE_DIR)/Pods-droplane-checkManifestLockResult.txt",
			);
			runOnlyForDeploymentPostprocessing = 0;
			shellPath = /bin/sh;
			shellScript = "diff \"${PODS_PODFILE_DIR_PATH}/Podfile.lock\" \"${PODS_ROOT}/Manifest.lock\" > /dev/null\nif [ $? != 0 ] ; then\n    # print error to STDERR\n    echo \"error: The sandbox is not in sync with the Podfile.lock. Run 'pod install' or update your CocoaPods installation.\" >&2\n    exit 1\nfi\n# This output is used by Xcode 'outputs' to avoid re-running this script phase.\necho \"SUCCESS\" > \"${SCRIPT_OUTPUT_FILE_0}\"\n";
			showEnvVarsInLog = 0;
		};
		A7D8B9272895AA2400C40D21 /* Run SwiftLint */ = {
			isa = PBXShellScriptBuildPhase;
			buildActionMask = 2147483647;
			files = (
			);
			inputFileListPaths = (
			);
			inputPaths = (
			);
			name = "Run SwiftLint";
			outputFileListPaths = (
			);
			outputPaths = (
			);
			runOnlyForDeploymentPostprocessing = 0;
			shellPath = /bin/sh;
			shellScript = "if test -d \"/opt/homebrew/bin/\"; then\n  PATH=\"/opt/homebrew/bin/:${PATH}\"\nfi\n\nexport PATH\n\nif which swiftlint > /dev/null; then\n  swiftlint\nelse\n  echo \"warning: SwiftLint not installed, download from https://github.com/realm/SwiftLint\"\nfi\n";
		};
/* End PBXShellScriptBuildPhase section */

/* Begin PBXSourcesBuildPhase section */
		A7C680922836AA0C00B25117 /* Sources */ = {
			isa = PBXSourcesBuildPhase;
			buildActionMask = 2147483647;
			files = (
				A7FDE97F2879C60400B5A9B9 /* MainHorizontalController.swift in Sources */,
				A7A46E85288ACFF900CA5CEE /* AppDependencies.swift in Sources */,
				A7D8B9372895DB9A00C40D21 /* PlaceDetailHeaderView.swift in Sources */,
				A74B0FEE2896E79500429CE5 /* PlaceDetailViewCell.swift in Sources */,
				A7D8B939289685D000C40D21 /* StretchyHeaderLayout.swift in Sources */,
				A74B0FF0289706C200429CE5 /* MainTabbarController.swift in Sources */,
				A767BFE528895A91003CC165 /* SplashAnimator.swift in Sources */,
				A7C6809E2836AA0C00B25117 /* MainViewController.swift in Sources */,
				A75BFAF22896BD52004E2A3E /* UIView+Ext.swift in Sources */,
				A7C6809A2836AA0C00B25117 /* AppDelegate.swift in Sources */,
				A7C6809C2836AA0C00B25117 /* SceneDelegate.swift in Sources */,
				A74B0FEC2896C3DE00429CE5 /* SectionHeaderView.swift in Sources */,
				A7D8B9332895B56000C40D21 /* UILabel+Ext.swift in Sources */,
				A7D8B92E2895B44900C40D21 /* PlaceDetailsViewController.swift in Sources */,
				A7FDE9812879C63D00B5A9B9 /* PlaceViewCell.swift in Sources */,
				A75BFAF02896BC98004E2A3E /* SectionView.swift in Sources */,
				A79CB690287AC43F0000008F /* Place.swift in Sources */,
				A7FDE97D2879C4B000B5A9B9 /* HorizontalSnappingController.swift in Sources */,
				A767BFE1288959C3003CC165 /* SplashViewController.swift in Sources */,
				A75BFAE82896A0B2004E2A3E /* UIViewController+Ext.swift in Sources */,
				A767BFE328895A53003CC165 /* SplashPresenter.swift in Sources */,
			);
			runOnlyForDeploymentPostprocessing = 0;
		};
/* End PBXSourcesBuildPhase section */

/* Begin XCBuildConfiguration section */
		A7C680A82836AA0D00B25117 /* Debug */ = {
			isa = XCBuildConfiguration;
			buildSettings = {
				ALWAYS_SEARCH_USER_PATHS = NO;
				CLANG_ANALYZER_NONNULL = YES;
				CLANG_ANALYZER_NUMBER_OBJECT_CONVERSION = YES_AGGRESSIVE;
				CLANG_CXX_LANGUAGE_STANDARD = "gnu++17";
				CLANG_ENABLE_MODULES = YES;
				CLANG_ENABLE_OBJC_ARC = YES;
				CLANG_ENABLE_OBJC_WEAK = YES;
				CLANG_WARN_BLOCK_CAPTURE_AUTORELEASING = YES;
				CLANG_WARN_BOOL_CONVERSION = YES;
				CLANG_WARN_COMMA = YES;
				CLANG_WARN_CONSTANT_CONVERSION = YES;
				CLANG_WARN_DEPRECATED_OBJC_IMPLEMENTATIONS = YES;
				CLANG_WARN_DIRECT_OBJC_ISA_USAGE = YES_ERROR;
				CLANG_WARN_DOCUMENTATION_COMMENTS = YES;
				CLANG_WARN_EMPTY_BODY = YES;
				CLANG_WARN_ENUM_CONVERSION = YES;
				CLANG_WARN_INFINITE_RECURSION = YES;
				CLANG_WARN_INT_CONVERSION = YES;
				CLANG_WARN_NON_LITERAL_NULL_CONVERSION = YES;
				CLANG_WARN_OBJC_IMPLICIT_RETAIN_SELF = YES;
				CLANG_WARN_OBJC_LITERAL_CONVERSION = YES;
				CLANG_WARN_OBJC_ROOT_CLASS = YES_ERROR;
				CLANG_WARN_QUOTED_INCLUDE_IN_FRAMEWORK_HEADER = YES;
				CLANG_WARN_RANGE_LOOP_ANALYSIS = YES;
				CLANG_WARN_STRICT_PROTOTYPES = YES;
				CLANG_WARN_SUSPICIOUS_MOVE = YES;
				CLANG_WARN_UNGUARDED_AVAILABILITY = YES_AGGRESSIVE;
				CLANG_WARN_UNREACHABLE_CODE = YES;
				CLANG_WARN__DUPLICATE_METHOD_MATCH = YES;
				COPY_PHASE_STRIP = NO;
				DEBUG_INFORMATION_FORMAT = dwarf;
				ENABLE_STRICT_OBJC_MSGSEND = YES;
				ENABLE_TESTABILITY = YES;
				GCC_C_LANGUAGE_STANDARD = gnu11;
				GCC_DYNAMIC_NO_PIC = NO;
				GCC_NO_COMMON_BLOCKS = YES;
				GCC_OPTIMIZATION_LEVEL = 0;
				GCC_PREPROCESSOR_DEFINITIONS = (
					"DEBUG=1",
					"$(inherited)",
				);
				GCC_WARN_64_TO_32_BIT_CONVERSION = YES;
				GCC_WARN_ABOUT_RETURN_TYPE = YES_ERROR;
				GCC_WARN_UNDECLARED_SELECTOR = YES;
				GCC_WARN_UNINITIALIZED_AUTOS = YES_AGGRESSIVE;
				GCC_WARN_UNUSED_FUNCTION = YES;
				GCC_WARN_UNUSED_VARIABLE = YES;
				IPHONEOS_DEPLOYMENT_TARGET = 15.4;
				MTL_ENABLE_DEBUG_INFO = INCLUDE_SOURCE;
				MTL_FAST_MATH = YES;
				ONLY_ACTIVE_ARCH = YES;
				SDKROOT = iphoneos;
				SWIFT_ACTIVE_COMPILATION_CONDITIONS = DEBUG;
				SWIFT_OPTIMIZATION_LEVEL = "-Onone";
			};
			name = Debug;
		};
		A7C680A92836AA0D00B25117 /* Release */ = {
			isa = XCBuildConfiguration;
			buildSettings = {
				ALWAYS_SEARCH_USER_PATHS = NO;
				CLANG_ANALYZER_NONNULL = YES;
				CLANG_ANALYZER_NUMBER_OBJECT_CONVERSION = YES_AGGRESSIVE;
				CLANG_CXX_LANGUAGE_STANDARD = "gnu++17";
				CLANG_ENABLE_MODULES = YES;
				CLANG_ENABLE_OBJC_ARC = YES;
				CLANG_ENABLE_OBJC_WEAK = YES;
				CLANG_WARN_BLOCK_CAPTURE_AUTORELEASING = YES;
				CLANG_WARN_BOOL_CONVERSION = YES;
				CLANG_WARN_COMMA = YES;
				CLANG_WARN_CONSTANT_CONVERSION = YES;
				CLANG_WARN_DEPRECATED_OBJC_IMPLEMENTATIONS = YES;
				CLANG_WARN_DIRECT_OBJC_ISA_USAGE = YES_ERROR;
				CLANG_WARN_DOCUMENTATION_COMMENTS = YES;
				CLANG_WARN_EMPTY_BODY = YES;
				CLANG_WARN_ENUM_CONVERSION = YES;
				CLANG_WARN_INFINITE_RECURSION = YES;
				CLANG_WARN_INT_CONVERSION = YES;
				CLANG_WARN_NON_LITERAL_NULL_CONVERSION = YES;
				CLANG_WARN_OBJC_IMPLICIT_RETAIN_SELF = YES;
				CLANG_WARN_OBJC_LITERAL_CONVERSION = YES;
				CLANG_WARN_OBJC_ROOT_CLASS = YES_ERROR;
				CLANG_WARN_QUOTED_INCLUDE_IN_FRAMEWORK_HEADER = YES;
				CLANG_WARN_RANGE_LOOP_ANALYSIS = YES;
				CLANG_WARN_STRICT_PROTOTYPES = YES;
				CLANG_WARN_SUSPICIOUS_MOVE = YES;
				CLANG_WARN_UNGUARDED_AVAILABILITY = YES_AGGRESSIVE;
				CLANG_WARN_UNREACHABLE_CODE = YES;
				CLANG_WARN__DUPLICATE_METHOD_MATCH = YES;
				COPY_PHASE_STRIP = NO;
				DEBUG_INFORMATION_FORMAT = "dwarf-with-dsym";
				ENABLE_NS_ASSERTIONS = NO;
				ENABLE_STRICT_OBJC_MSGSEND = YES;
				GCC_C_LANGUAGE_STANDARD = gnu11;
				GCC_NO_COMMON_BLOCKS = YES;
				GCC_WARN_64_TO_32_BIT_CONVERSION = YES;
				GCC_WARN_ABOUT_RETURN_TYPE = YES_ERROR;
				GCC_WARN_UNDECLARED_SELECTOR = YES;
				GCC_WARN_UNINITIALIZED_AUTOS = YES_AGGRESSIVE;
				GCC_WARN_UNUSED_FUNCTION = YES;
				GCC_WARN_UNUSED_VARIABLE = YES;
				IPHONEOS_DEPLOYMENT_TARGET = 15.4;
				MTL_ENABLE_DEBUG_INFO = NO;
				MTL_FAST_MATH = YES;
				SDKROOT = iphoneos;
				SWIFT_COMPILATION_MODE = wholemodule;
				SWIFT_OPTIMIZATION_LEVEL = "-O";
				VALIDATE_PRODUCT = YES;
			};
			name = Release;
		};
		A7C680AB2836AA0D00B25117 /* Debug */ = {
			isa = XCBuildConfiguration;
			baseConfigurationReference = 2718570B09BD143A7F18B44C /* Pods-droplane.debug.xcconfig */;
			buildSettings = {
				ASSETCATALOG_COMPILER_APPICON_NAME = AppIcon;
				ASSETCATALOG_COMPILER_GLOBAL_ACCENT_COLOR_NAME = AccentColor;
				CODE_SIGN_STYLE = Automatic;
				CURRENT_PROJECT_VERSION = 1;
				DEVELOPMENT_TEAM = WMWSB972VT;
				GENERATE_INFOPLIST_FILE = YES;
				INFOPLIST_FILE = "droplane/Supporting Files/Info.plist";
				INFOPLIST_KEY_UIApplicationSupportsIndirectInputEvents = YES;
				INFOPLIST_KEY_UILaunchStoryboardName = SplashViewController;
				INFOPLIST_KEY_UISupportedInterfaceOrientations_iPad = "UIInterfaceOrientationPortrait UIInterfaceOrientationPortraitUpsideDown UIInterfaceOrientationLandscapeLeft UIInterfaceOrientationLandscapeRight";
				INFOPLIST_KEY_UISupportedInterfaceOrientations_iPhone = "UIInterfaceOrientationPortrait UIInterfaceOrientationLandscapeLeft UIInterfaceOrientationLandscapeRight";
				LD_RUNPATH_SEARCH_PATHS = (
					"$(inherited)",
					"@executable_path/Frameworks",
				);
				MARKETING_VERSION = 1.0;
				PRODUCT_BUNDLE_IDENTIFIER = com.antigluten.droplane;
				PRODUCT_NAME = "$(TARGET_NAME)";
				SWIFT_EMIT_LOC_STRINGS = YES;
				SWIFT_VERSION = 5.0;
				TARGETED_DEVICE_FAMILY = "1,2";
			};
			name = Debug;
		};
		A7C680AC2836AA0D00B25117 /* Release */ = {
			isa = XCBuildConfiguration;
			baseConfigurationReference = E211A29AE70B4EB6F393039F /* Pods-droplane.release.xcconfig */;
			buildSettings = {
				ASSETCATALOG_COMPILER_APPICON_NAME = AppIcon;
				ASSETCATALOG_COMPILER_GLOBAL_ACCENT_COLOR_NAME = AccentColor;
				CODE_SIGN_STYLE = Automatic;
				CURRENT_PROJECT_VERSION = 1;
				DEVELOPMENT_TEAM = WMWSB972VT;
				GENERATE_INFOPLIST_FILE = YES;
				INFOPLIST_FILE = "droplane/Supporting Files/Info.plist";
				INFOPLIST_KEY_UIApplicationSupportsIndirectInputEvents = YES;
				INFOPLIST_KEY_UILaunchStoryboardName = SplashViewController;
				INFOPLIST_KEY_UISupportedInterfaceOrientations_iPad = "UIInterfaceOrientationPortrait UIInterfaceOrientationPortraitUpsideDown UIInterfaceOrientationLandscapeLeft UIInterfaceOrientationLandscapeRight";
				INFOPLIST_KEY_UISupportedInterfaceOrientations_iPhone = "UIInterfaceOrientationPortrait UIInterfaceOrientationLandscapeLeft UIInterfaceOrientationLandscapeRight";
				LD_RUNPATH_SEARCH_PATHS = (
					"$(inherited)",
					"@executable_path/Frameworks",
				);
				MARKETING_VERSION = 1.0;
				PRODUCT_BUNDLE_IDENTIFIER = com.antigluten.droplane;
				PRODUCT_NAME = "$(TARGET_NAME)";
				SWIFT_EMIT_LOC_STRINGS = YES;
				SWIFT_VERSION = 5.0;
				TARGETED_DEVICE_FAMILY = "1,2";
			};
			name = Release;
		};
/* End XCBuildConfiguration section */

/* Begin XCConfigurationList section */
		A7C680912836AA0C00B25117 /* Build configuration list for PBXProject "droplane" */ = {
			isa = XCConfigurationList;
			buildConfigurations = (
				A7C680A82836AA0D00B25117 /* Debug */,
				A7C680A92836AA0D00B25117 /* Release */,
			);
			defaultConfigurationIsVisible = 0;
			defaultConfigurationName = Release;
		};
		A7C680AA2836AA0D00B25117 /* Build configuration list for PBXNativeTarget "droplane" */ = {
			isa = XCConfigurationList;
			buildConfigurations = (
				A7C680AB2836AA0D00B25117 /* Debug */,
				A7C680AC2836AA0D00B25117 /* Release */,
			);
			defaultConfigurationIsVisible = 0;
			defaultConfigurationName = Release;
		};
/* End XCConfigurationList section */
	};
	rootObject = A7C6808E2836AA0C00B25117 /* Project object */;
}
